// !$*UTF8*$!
{
	archiveVersion = 1;
	classes = {
	};
	objectVersion = 56;
	objects = {

/* Begin PBXBuildFile section */
		24647B742C5361EF00D9D9A4 /* DetailViewController.swift in Sources */ = {isa = PBXBuildFile; fileRef = 24647B732C5361EF00D9D9A4 /* DetailViewController.swift */; };
		24647B762C53620800D9D9A4 /* DetailViewModel.swift in Sources */ = {isa = PBXBuildFile; fileRef = 24647B752C53620800D9D9A4 /* DetailViewModel.swift */; };
		24647B782C53635800D9D9A4 /* DetailTableViewCell.swift in Sources */ = {isa = PBXBuildFile; fileRef = 24647B772C53635800D9D9A4 /* DetailTableViewCell.swift */; };
		24647B7A2C53637700D9D9A4 /* BaseTableViewCell.swift in Sources */ = {isa = PBXBuildFile; fileRef = 24647B792C53637700D9D9A4 /* BaseTableViewCell.swift */; };
		24647B7C2C53681B00D9D9A4 /* LikeButton.swift in Sources */ = {isa = PBXBuildFile; fileRef = 24647B7B2C53681B00D9D9A4 /* LikeButton.swift */; };
		248B84012C568ACD004C9422 /* DGCharts in Frameworks */ = {isa = PBXBuildFile; productRef = 248B84002C568ACD004C9422 /* DGCharts */; };
		248B84062C576C84004C9422 /* Toast in Frameworks */ = {isa = PBXBuildFile; productRef = 248B84052C576C84004C9422 /* Toast */; };
		248B84082C577384004C9422 /* MBTICollectionViewCell.swift in Sources */ = {isa = PBXBuildFile; fileRef = 248B84072C577384004C9422 /* MBTICollectionViewCell.swift */; };
		248B840A2C578E2F004C9422 /* SearchOption.swift in Sources */ = {isa = PBXBuildFile; fileRef = 248B84092C578E2F004C9422 /* SearchOption.swift */; };
		24BB36B42C4E25D700B40E9C /* AppDelegate.swift in Sources */ = {isa = PBXBuildFile; fileRef = 24BB36B32C4E25D700B40E9C /* AppDelegate.swift */; };
		24BB36B62C4E25D700B40E9C /* SceneDelegate.swift in Sources */ = {isa = PBXBuildFile; fileRef = 24BB36B52C4E25D700B40E9C /* SceneDelegate.swift */; };
		24BB36B82C4E25D700B40E9C /* OnboardingViewController.swift in Sources */ = {isa = PBXBuildFile; fileRef = 24BB36B72C4E25D700B40E9C /* OnboardingViewController.swift */; };
		24BB36BD2C4E25D900B40E9C /* Assets.xcassets in Resources */ = {isa = PBXBuildFile; fileRef = 24BB36BC2C4E25D900B40E9C /* Assets.xcassets */; };
		24BB36C02C4E25D900B40E9C /* Base in Resources */ = {isa = PBXBuildFile; fileRef = 24BB36BF2C4E25D900B40E9C /* Base */; };
		24BB36C82C4E261D00B40E9C /* .gitignore in Resources */ = {isa = PBXBuildFile; fileRef = 24BB36C72C4E261D00B40E9C /* .gitignore */; };
		24DE0A6B2C53D7BE0053FCF3 /* RandomViewController.swift in Sources */ = {isa = PBXBuildFile; fileRef = 24DE0A6A2C53D7BE0053FCF3 /* RandomViewController.swift */; };
		24DE0A6D2C53D9C10053FCF3 /* RandomCollectionViewCell.swift in Sources */ = {isa = PBXBuildFile; fileRef = 24DE0A6C2C53D9C10053FCF3 /* RandomCollectionViewCell.swift */; };
		24DE0A6F2C54F62D0053FCF3 /* RandomViewModel.swift in Sources */ = {isa = PBXBuildFile; fileRef = 24DE0A6E2C54F62D0053FCF3 /* RandomViewModel.swift */; };
		24DE0A712C5538460053FCF3 /* ColorCollectionViewCell.swift in Sources */ = {isa = PBXBuildFile; fileRef = 24DE0A702C5538460053FCF3 /* ColorCollectionViewCell.swift */; };
		24EC73D22C4E3011008F403D /* Then in Frameworks */ = {isa = PBXBuildFile; productRef = 24EC73D12C4E3011008F403D /* Then */; };
		24EC73D52C4E301C008F403D /* SnapKit in Frameworks */ = {isa = PBXBuildFile; productRef = 24EC73D42C4E301C008F403D /* SnapKit */; };
		24EC73D92C4E3636008F403D /* UIColor+.swift in Sources */ = {isa = PBXBuildFile; fileRef = 24EC73D82C4E3636008F403D /* UIColor+.swift */; };
		24EC73DE2C4E387B008F403D /* BaseViewController.swift in Sources */ = {isa = PBXBuildFile; fileRef = 24EC73DD2C4E387B008F403D /* BaseViewController.swift */; };
		24EC73E02C4E388B008F403D /* BaseView.swift in Sources */ = {isa = PBXBuildFile; fileRef = 24EC73DF2C4E388B008F403D /* BaseView.swift */; };
		24EC73E22C4E389A008F403D /* BaseViewModel.swift in Sources */ = {isa = PBXBuildFile; fileRef = 24EC73E12C4E389A008F403D /* BaseViewModel.swift */; };
		24EC73E52C4E398D008F403D /* BlueButton.swift in Sources */ = {isa = PBXBuildFile; fileRef = 24EC73E42C4E398D008F403D /* BlueButton.swift */; };
		24EC73E82C4E3B43008F403D /* SettingNicknameViewController.swift in Sources */ = {isa = PBXBuildFile; fileRef = 24EC73E72C4E3B43008F403D /* SettingNicknameViewController.swift */; };
		24EC73ED2C4E3B80008F403D /* SettingNicknameViewModel.swift in Sources */ = {isa = PBXBuildFile; fileRef = 24EC73EC2C4E3B80008F403D /* SettingNicknameViewModel.swift */; };
		24EC73EF2C4E3C25008F403D /* ProfileImageView.swift in Sources */ = {isa = PBXBuildFile; fileRef = 24EC73EE2C4E3C25008F403D /* ProfileImageView.swift */; };
		24EC73F12C4E3E4F008F403D /* CameraImageView.swift in Sources */ = {isa = PBXBuildFile; fileRef = 24EC73F02C4E3E4F008F403D /* CameraImageView.swift */; };
		24EC73F52C4E4B1E008F403D /* UICollectionViewLayout+.swift in Sources */ = {isa = PBXBuildFile; fileRef = 24EC73F42C4E4B1E008F403D /* UICollectionViewLayout+.swift */; };
		24EC73F92C4E4BE0008F403D /* BaseCollectionViewCell.swift in Sources */ = {isa = PBXBuildFile; fileRef = 24EC73F82C4E4BE0008F403D /* BaseCollectionViewCell.swift */; };
		24EC73FC2C4E51F9008F403D /* Observable.swift in Sources */ = {isa = PBXBuildFile; fileRef = 24EC73FB2C4E51F9008F403D /* Observable.swift */; };
		24EC73FE2C4E5292008F403D /* UserDefaultsManager.swift in Sources */ = {isa = PBXBuildFile; fileRef = 24EC73FD2C4E5292008F403D /* UserDefaultsManager.swift */; };
		24EC74002C4E593F008F403D /* MBTI.swift in Sources */ = {isa = PBXBuildFile; fileRef = 24EC73FF2C4E593F008F403D /* MBTI.swift */; };
		24EC74082C4E8453008F403D /* NetworkRouter.swift in Sources */ = {isa = PBXBuildFile; fileRef = 24EC74072C4E8453008F403D /* NetworkRouter.swift */; };
		24EC740B2C4E8463008F403D /* Alamofire in Frameworks */ = {isa = PBXBuildFile; productRef = 24EC740A2C4E8463008F403D /* Alamofire */; };
		24EC740E2C4E8471008F403D /* Kingfisher in Frameworks */ = {isa = PBXBuildFile; productRef = 24EC740D2C4E8471008F403D /* Kingfisher */; };
		24EC74102C4E847F008F403D /* APIKey.swift in Sources */ = {isa = PBXBuildFile; fileRef = 24EC740F2C4E847F008F403D /* APIKey.swift */; };
		24EC74122C4E860F008F403D /* NetworkManager.swift in Sources */ = {isa = PBXBuildFile; fileRef = 24EC74112C4E860F008F403D /* NetworkManager.swift */; };
		24EC74172C4E8C0F008F403D /* PhotoResponse.swift in Sources */ = {isa = PBXBuildFile; fileRef = 24EC74162C4E8C0F008F403D /* PhotoResponse.swift */; };
		24EC74192C4F374E008F403D /* StatisticsResponse.swift in Sources */ = {isa = PBXBuildFile; fileRef = 24EC74182C4F374E008F403D /* StatisticsResponse.swift */; };
		24EC744B2C4F9EB6008F403D /* SettingImageViewController.swift in Sources */ = {isa = PBXBuildFile; fileRef = 24EC744A2C4F9EB6008F403D /* SettingImageViewController.swift */; };
		24EC74512C4FD0F7008F403D /* SettingImageCollectionViewCell.swift in Sources */ = {isa = PBXBuildFile; fileRef = 24EC74502C4FD0F7008F403D /* SettingImageCollectionViewCell.swift */; };
		24EC74532C500AB0008F403D /* TabBarController.swift in Sources */ = {isa = PBXBuildFile; fileRef = 24EC74522C500AB0008F403D /* TabBarController.swift */; };
		24EC74562C500B4E008F403D /* TopicViewController.swift in Sources */ = {isa = PBXBuildFile; fileRef = 24EC74552C500B4E008F403D /* TopicViewController.swift */; };
		24EC745B2C5082CB008F403D /* MyFont.swift in Sources */ = {isa = PBXBuildFile; fileRef = 24EC745A2C5082CB008F403D /* MyFont.swift */; };
		24EC745D2C508337008F403D /* MyColor.swift in Sources */ = {isa = PBXBuildFile; fileRef = 24EC745C2C508337008F403D /* MyColor.swift */; };
		24EC745F2C508365008F403D /* MyImage.swift in Sources */ = {isa = PBXBuildFile; fileRef = 24EC745E2C508365008F403D /* MyImage.swift */; };
		24EC74842C50E003008F403D /* TopicCollectionViewCell.swift in Sources */ = {isa = PBXBuildFile; fileRef = 24EC74832C50E003008F403D /* TopicCollectionViewCell.swift */; };
		24EC74862C51075D008F403D /* TopicCollectionHeaderView.swift in Sources */ = {isa = PBXBuildFile; fileRef = 24EC74852C51075D008F403D /* TopicCollectionHeaderView.swift */; };
		24EC74892C512F61008F403D /* SearchViewController.swift in Sources */ = {isa = PBXBuildFile; fileRef = 24EC74882C512F61008F403D /* SearchViewController.swift */; };
		24EC74A32C520CB7008F403D /* RealmRepository.swift in Sources */ = {isa = PBXBuildFile; fileRef = 24EC74A22C520CB7008F403D /* RealmRepository.swift */; };
		24EC74A62C520DC0008F403D /* RealmSwift in Frameworks */ = {isa = PBXBuildFile; productRef = 24EC74A52C520DC0008F403D /* RealmSwift */; };
		24EC74A72C520DE0008F403D /* RealmSwift in Embed Frameworks */ = {isa = PBXBuildFile; productRef = 24EC74A52C520DC0008F403D /* RealmSwift */; settings = {ATTRIBUTES = (CodeSignOnCopy, ); }; };
		24EC74AA2C520E65008F403D /* LikedPhoto.swift in Sources */ = {isa = PBXBuildFile; fileRef = 24EC74A92C520E65008F403D /* LikedPhoto.swift */; };
		24EC74AF2C52512E008F403D /* SearchCollectionViewCell.swift in Sources */ = {isa = PBXBuildFile; fileRef = 24EC74AE2C52512E008F403D /* SearchCollectionViewCell.swift */; };
		24EC74B22C52526B008F403D /* LikeViewController.swift in Sources */ = {isa = PBXBuildFile; fileRef = 24EC74B12C52526B008F403D /* LikeViewController.swift */; };
		24EC74B42C526AAB008F403D /* LikeCollectionViewCell.swift in Sources */ = {isa = PBXBuildFile; fileRef = 24EC74B32C526AAB008F403D /* LikeCollectionViewCell.swift */; };
		24EC74B62C526D22008F403D /* ImageFileManager.swift in Sources */ = {isa = PBXBuildFile; fileRef = 24EC74B52C526D22008F403D /* ImageFileManager.swift */; };
		24EC74B82C533E02008F403D /* TargetType.swift in Sources */ = {isa = PBXBuildFile; fileRef = 24EC74B72C533E02008F403D /* TargetType.swift */; };
/* End PBXBuildFile section */

/* Begin PBXCopyFilesBuildPhase section */
		24EC74A82C520DE0008F403D /* Embed Frameworks */ = {
			isa = PBXCopyFilesBuildPhase;
			buildActionMask = 2147483647;
			dstPath = "";
			dstSubfolderSpec = 10;
			files = (
				24EC74A72C520DE0008F403D /* RealmSwift in Embed Frameworks */,
			);
			name = "Embed Frameworks";
			runOnlyForDeploymentPostprocessing = 0;
		};
/* End PBXCopyFilesBuildPhase section */

/* Begin PBXFileReference section */
		24647B732C5361EF00D9D9A4 /* DetailViewController.swift */ = {isa = PBXFileReference; lastKnownFileType = sourcecode.swift; path = DetailViewController.swift; sourceTree = "<group>"; };
		24647B752C53620800D9D9A4 /* DetailViewModel.swift */ = {isa = PBXFileReference; lastKnownFileType = sourcecode.swift; path = DetailViewModel.swift; sourceTree = "<group>"; };
		24647B772C53635800D9D9A4 /* DetailTableViewCell.swift */ = {isa = PBXFileReference; lastKnownFileType = sourcecode.swift; path = DetailTableViewCell.swift; sourceTree = "<group>"; };
		24647B792C53637700D9D9A4 /* BaseTableViewCell.swift */ = {isa = PBXFileReference; lastKnownFileType = sourcecode.swift; path = BaseTableViewCell.swift; sourceTree = "<group>"; };
		24647B7B2C53681B00D9D9A4 /* LikeButton.swift */ = {isa = PBXFileReference; lastKnownFileType = sourcecode.swift; path = LikeButton.swift; sourceTree = "<group>"; };
		248B84072C577384004C9422 /* MBTICollectionViewCell.swift */ = {isa = PBXFileReference; lastKnownFileType = sourcecode.swift; path = MBTICollectionViewCell.swift; sourceTree = "<group>"; };
		248B84092C578E2F004C9422 /* SearchOption.swift */ = {isa = PBXFileReference; lastKnownFileType = sourcecode.swift; path = SearchOption.swift; sourceTree = "<group>"; };
		24BB36B02C4E25D700B40E9C /* ILikePhoto.app */ = {isa = PBXFileReference; explicitFileType = wrapper.application; includeInIndex = 0; path = ILikePhoto.app; sourceTree = BUILT_PRODUCTS_DIR; };
		24BB36B32C4E25D700B40E9C /* AppDelegate.swift */ = {isa = PBXFileReference; lastKnownFileType = sourcecode.swift; path = AppDelegate.swift; sourceTree = "<group>"; };
		24BB36B52C4E25D700B40E9C /* SceneDelegate.swift */ = {isa = PBXFileReference; lastKnownFileType = sourcecode.swift; path = SceneDelegate.swift; sourceTree = "<group>"; };
		24BB36B72C4E25D700B40E9C /* OnboardingViewController.swift */ = {isa = PBXFileReference; lastKnownFileType = sourcecode.swift; path = OnboardingViewController.swift; sourceTree = "<group>"; };
		24BB36BC2C4E25D900B40E9C /* Assets.xcassets */ = {isa = PBXFileReference; lastKnownFileType = folder.assetcatalog; path = Assets.xcassets; sourceTree = "<group>"; };
		24BB36BF2C4E25D900B40E9C /* Base */ = {isa = PBXFileReference; lastKnownFileType = file.storyboard; name = Base; path = Base.lproj/LaunchScreen.storyboard; sourceTree = "<group>"; };
		24BB36C12C4E25D900B40E9C /* Info.plist */ = {isa = PBXFileReference; lastKnownFileType = text.plist.xml; path = Info.plist; sourceTree = "<group>"; };
		24BB36C72C4E261D00B40E9C /* .gitignore */ = {isa = PBXFileReference; lastKnownFileType = text; path = .gitignore; sourceTree = "<group>"; };
		24DE0A6A2C53D7BE0053FCF3 /* RandomViewController.swift */ = {isa = PBXFileReference; lastKnownFileType = sourcecode.swift; path = RandomViewController.swift; sourceTree = "<group>"; };
		24DE0A6C2C53D9C10053FCF3 /* RandomCollectionViewCell.swift */ = {isa = PBXFileReference; lastKnownFileType = sourcecode.swift; path = RandomCollectionViewCell.swift; sourceTree = "<group>"; };
		24DE0A6E2C54F62D0053FCF3 /* RandomViewModel.swift */ = {isa = PBXFileReference; lastKnownFileType = sourcecode.swift; path = RandomViewModel.swift; sourceTree = "<group>"; };
		24DE0A702C5538460053FCF3 /* ColorCollectionViewCell.swift */ = {isa = PBXFileReference; lastKnownFileType = sourcecode.swift; path = ColorCollectionViewCell.swift; sourceTree = "<group>"; };
		24EC73D82C4E3636008F403D /* UIColor+.swift */ = {isa = PBXFileReference; lastKnownFileType = sourcecode.swift; path = "UIColor+.swift"; sourceTree = "<group>"; };
		24EC73DD2C4E387B008F403D /* BaseViewController.swift */ = {isa = PBXFileReference; lastKnownFileType = sourcecode.swift; path = BaseViewController.swift; sourceTree = "<group>"; };
		24EC73DF2C4E388B008F403D /* BaseView.swift */ = {isa = PBXFileReference; lastKnownFileType = sourcecode.swift; path = BaseView.swift; sourceTree = "<group>"; };
		24EC73E12C4E389A008F403D /* BaseViewModel.swift */ = {isa = PBXFileReference; lastKnownFileType = sourcecode.swift; path = BaseViewModel.swift; sourceTree = "<group>"; };
		24EC73E42C4E398D008F403D /* BlueButton.swift */ = {isa = PBXFileReference; lastKnownFileType = sourcecode.swift; path = BlueButton.swift; sourceTree = "<group>"; };
		24EC73E72C4E3B43008F403D /* SettingNicknameViewController.swift */ = {isa = PBXFileReference; lastKnownFileType = sourcecode.swift; path = SettingNicknameViewController.swift; sourceTree = "<group>"; };
		24EC73EC2C4E3B80008F403D /* SettingNicknameViewModel.swift */ = {isa = PBXFileReference; lastKnownFileType = sourcecode.swift; path = SettingNicknameViewModel.swift; sourceTree = "<group>"; };
		24EC73EE2C4E3C25008F403D /* ProfileImageView.swift */ = {isa = PBXFileReference; lastKnownFileType = sourcecode.swift; path = ProfileImageView.swift; sourceTree = "<group>"; };
		24EC73F02C4E3E4F008F403D /* CameraImageView.swift */ = {isa = PBXFileReference; lastKnownFileType = sourcecode.swift; path = CameraImageView.swift; sourceTree = "<group>"; };
		24EC73F42C4E4B1E008F403D /* UICollectionViewLayout+.swift */ = {isa = PBXFileReference; lastKnownFileType = sourcecode.swift; path = "UICollectionViewLayout+.swift"; sourceTree = "<group>"; };
		24EC73F82C4E4BE0008F403D /* BaseCollectionViewCell.swift */ = {isa = PBXFileReference; lastKnownFileType = sourcecode.swift; path = BaseCollectionViewCell.swift; sourceTree = "<group>"; };
		24EC73FB2C4E51F9008F403D /* Observable.swift */ = {isa = PBXFileReference; lastKnownFileType = sourcecode.swift; path = Observable.swift; sourceTree = "<group>"; };
		24EC73FD2C4E5292008F403D /* UserDefaultsManager.swift */ = {isa = PBXFileReference; lastKnownFileType = sourcecode.swift; path = UserDefaultsManager.swift; sourceTree = "<group>"; };
		24EC73FF2C4E593F008F403D /* MBTI.swift */ = {isa = PBXFileReference; lastKnownFileType = sourcecode.swift; path = MBTI.swift; sourceTree = "<group>"; };
		24EC74072C4E8453008F403D /* NetworkRouter.swift */ = {isa = PBXFileReference; lastKnownFileType = sourcecode.swift; path = NetworkRouter.swift; sourceTree = "<group>"; };
		24EC740F2C4E847F008F403D /* APIKey.swift */ = {isa = PBXFileReference; lastKnownFileType = sourcecode.swift; path = APIKey.swift; sourceTree = "<group>"; };
		24EC74112C4E860F008F403D /* NetworkManager.swift */ = {isa = PBXFileReference; lastKnownFileType = sourcecode.swift; path = NetworkManager.swift; sourceTree = "<group>"; };
		24EC74162C4E8C0F008F403D /* PhotoResponse.swift */ = {isa = PBXFileReference; lastKnownFileType = sourcecode.swift; path = PhotoResponse.swift; sourceTree = "<group>"; };
		24EC74182C4F374E008F403D /* StatisticsResponse.swift */ = {isa = PBXFileReference; lastKnownFileType = sourcecode.swift; path = StatisticsResponse.swift; sourceTree = "<group>"; };
		24EC744A2C4F9EB6008F403D /* SettingImageViewController.swift */ = {isa = PBXFileReference; lastKnownFileType = sourcecode.swift; path = SettingImageViewController.swift; sourceTree = "<group>"; };
		24EC74502C4FD0F7008F403D /* SettingImageCollectionViewCell.swift */ = {isa = PBXFileReference; lastKnownFileType = sourcecode.swift; path = SettingImageCollectionViewCell.swift; sourceTree = "<group>"; };
		24EC74522C500AB0008F403D /* TabBarController.swift */ = {isa = PBXFileReference; lastKnownFileType = sourcecode.swift; path = TabBarController.swift; sourceTree = "<group>"; };
		24EC74552C500B4E008F403D /* TopicViewController.swift */ = {isa = PBXFileReference; lastKnownFileType = sourcecode.swift; path = TopicViewController.swift; sourceTree = "<group>"; };
		24EC745A2C5082CB008F403D /* MyFont.swift */ = {isa = PBXFileReference; lastKnownFileType = sourcecode.swift; path = MyFont.swift; sourceTree = "<group>"; };
		24EC745C2C508337008F403D /* MyColor.swift */ = {isa = PBXFileReference; lastKnownFileType = sourcecode.swift; path = MyColor.swift; sourceTree = "<group>"; };
		24EC745E2C508365008F403D /* MyImage.swift */ = {isa = PBXFileReference; lastKnownFileType = sourcecode.swift; path = MyImage.swift; sourceTree = "<group>"; };
		24EC74832C50E003008F403D /* TopicCollectionViewCell.swift */ = {isa = PBXFileReference; lastKnownFileType = sourcecode.swift; path = TopicCollectionViewCell.swift; sourceTree = "<group>"; };
		24EC74852C51075D008F403D /* TopicCollectionHeaderView.swift */ = {isa = PBXFileReference; lastKnownFileType = sourcecode.swift; path = TopicCollectionHeaderView.swift; sourceTree = "<group>"; };
		24EC74882C512F61008F403D /* SearchViewController.swift */ = {isa = PBXFileReference; lastKnownFileType = sourcecode.swift; path = SearchViewController.swift; sourceTree = "<group>"; };
		24EC74A22C520CB7008F403D /* RealmRepository.swift */ = {isa = PBXFileReference; lastKnownFileType = sourcecode.swift; path = RealmRepository.swift; sourceTree = "<group>"; };
		24EC74A92C520E65008F403D /* LikedPhoto.swift */ = {isa = PBXFileReference; lastKnownFileType = sourcecode.swift; path = LikedPhoto.swift; sourceTree = "<group>"; };
		24EC74AE2C52512E008F403D /* SearchCollectionViewCell.swift */ = {isa = PBXFileReference; lastKnownFileType = sourcecode.swift; path = SearchCollectionViewCell.swift; sourceTree = "<group>"; };
		24EC74B12C52526B008F403D /* LikeViewController.swift */ = {isa = PBXFileReference; lastKnownFileType = sourcecode.swift; path = LikeViewController.swift; sourceTree = "<group>"; };
		24EC74B32C526AAB008F403D /* LikeCollectionViewCell.swift */ = {isa = PBXFileReference; lastKnownFileType = sourcecode.swift; path = LikeCollectionViewCell.swift; sourceTree = "<group>"; };
		24EC74B52C526D22008F403D /* ImageFileManager.swift */ = {isa = PBXFileReference; lastKnownFileType = sourcecode.swift; path = ImageFileManager.swift; sourceTree = "<group>"; };
		24EC74B72C533E02008F403D /* TargetType.swift */ = {isa = PBXFileReference; lastKnownFileType = sourcecode.swift; path = TargetType.swift; sourceTree = "<group>"; };
/* End PBXFileReference section */

/* Begin PBXFrameworksBuildPhase section */
		24BB36AD2C4E25D700B40E9C /* Frameworks */ = {
			isa = PBXFrameworksBuildPhase;
			buildActionMask = 2147483647;
			files = (
				24EC740E2C4E8471008F403D /* Kingfisher in Frameworks */,
				24EC740B2C4E8463008F403D /* Alamofire in Frameworks */,
				24EC73D22C4E3011008F403D /* Then in Frameworks */,
				24EC74A62C520DC0008F403D /* RealmSwift in Frameworks */,
				248B84012C568ACD004C9422 /* DGCharts in Frameworks */,
				248B84062C576C84004C9422 /* Toast in Frameworks */,
				24EC73D52C4E301C008F403D /* SnapKit in Frameworks */,
			);
			runOnlyForDeploymentPostprocessing = 0;
		};
/* End PBXFrameworksBuildPhase section */

/* Begin PBXGroup section */
		24647B712C5361C800D9D9A4 /* Detail */ = {
			isa = PBXGroup;
			children = (
				24647B732C5361EF00D9D9A4 /* DetailViewController.swift */,
				24647B752C53620800D9D9A4 /* DetailViewModel.swift */,
				24647B772C53635800D9D9A4 /* DetailTableViewCell.swift */,
			);
			path = Detail;
			sourceTree = "<group>";
		};
		24647B722C5361CB00D9D9A4 /* Tab */ = {
			isa = PBXGroup;
			children = (
				24EC74522C500AB0008F403D /* TabBarController.swift */,
			);
			path = Tab;
			sourceTree = "<group>";
		};
		24BB36A72C4E25D700B40E9C = {
			isa = PBXGroup;
			children = (
				24BB36C72C4E261D00B40E9C /* .gitignore */,
				24BB36B22C4E25D700B40E9C /* ILikePhoto */,
				24BB36B12C4E25D700B40E9C /* Products */,
			);
			sourceTree = "<group>";
		};
		24BB36B12C4E25D700B40E9C /* Products */ = {
			isa = PBXGroup;
			children = (
				24BB36B02C4E25D700B40E9C /* ILikePhoto.app */,
			);
			name = Products;
			sourceTree = "<group>";
		};
		24BB36B22C4E25D700B40E9C /* ILikePhoto */ = {
			isa = PBXGroup;
			children = (
				24EC74592C50166C008F403D /* Resources */,
				24EC74582C501663008F403D /* Sources */,
				24BB36C12C4E25D900B40E9C /* Info.plist */,
			);
			path = ILikePhoto;
			sourceTree = "<group>";
		};
		24DE0A692C53D7AD0053FCF3 /* Random */ = {
			isa = PBXGroup;
			children = (
				24DE0A6A2C53D7BE0053FCF3 /* RandomViewController.swift */,
				24DE0A6E2C54F62D0053FCF3 /* RandomViewModel.swift */,
				24DE0A6C2C53D9C10053FCF3 /* RandomCollectionViewCell.swift */,
			);
			path = Random;
			sourceTree = "<group>";
		};
		24EC73DA2C4E37B3008F403D /* Scenes */ = {
			isa = PBXGroup;
			children = (
				24647B722C5361CB00D9D9A4 /* Tab */,
				24EC73E62C4E3AFE008F403D /* Onboarding */,
				24EC73E92C4E3B47008F403D /* SettingNickname */,
				24EC74492C4F9EA4008F403D /* SettingImage */,
				24EC74542C500B3E008F403D /* Topic */,
				24DE0A692C53D7AD0053FCF3 /* Random */,
				24EC74872C512F22008F403D /* Search */,
				24EC74B02C525243008F403D /* Like */,
				24647B712C5361C800D9D9A4 /* Detail */,
			);
			path = Scenes;
			sourceTree = "<group>";
		};
		24EC73DB2C4E37BE008F403D /* Extension */ = {
			isa = PBXGroup;
			children = (
				24EC73D82C4E3636008F403D /* UIColor+.swift */,
				24EC73F42C4E4B1E008F403D /* UICollectionViewLayout+.swift */,
			);
			path = Extension;
			sourceTree = "<group>";
		};
		24EC73E32C4E394A008F403D /* CustomView */ = {
			isa = PBXGroup;
			children = (
				24EC73EE2C4E3C25008F403D /* ProfileImageView.swift */,
				24EC73F02C4E3E4F008F403D /* CameraImageView.swift */,
				24EC73E42C4E398D008F403D /* BlueButton.swift */,
				24647B7B2C53681B00D9D9A4 /* LikeButton.swift */,
			);
			path = CustomView;
			sourceTree = "<group>";
		};
		24EC73E62C4E3AFE008F403D /* Onboarding */ = {
			isa = PBXGroup;
			children = (
				24BB36B72C4E25D700B40E9C /* OnboardingViewController.swift */,
			);
			path = Onboarding;
			sourceTree = "<group>";
		};
		24EC73E92C4E3B47008F403D /* SettingNickname */ = {
			isa = PBXGroup;
			children = (
				24EC73E72C4E3B43008F403D /* SettingNicknameViewController.swift */,
				24EC73EC2C4E3B80008F403D /* SettingNicknameViewModel.swift */,
				248B84072C577384004C9422 /* MBTICollectionViewCell.swift */,
			);
			path = SettingNickname;
			sourceTree = "<group>";
		};
		24EC73FA2C4E4D57008F403D /* Base */ = {
			isa = PBXGroup;
			children = (
				24EC73DD2C4E387B008F403D /* BaseViewController.swift */,
				24EC73E12C4E389A008F403D /* BaseViewModel.swift */,
				24EC73DF2C4E388B008F403D /* BaseView.swift */,
				24EC73F82C4E4BE0008F403D /* BaseCollectionViewCell.swift */,
				24647B792C53637700D9D9A4 /* BaseTableViewCell.swift */,
			);
			path = Base;
			sourceTree = "<group>";
		};
		24EC74012C4E5945008F403D /* Enum */ = {
			isa = PBXGroup;
			children = (
				24EC73FF2C4E593F008F403D /* MBTI.swift */,
			);
			path = Enum;
			sourceTree = "<group>";
		};
		24EC74022C4E5963008F403D /* Manager */ = {
			isa = PBXGroup;
			children = (
				24EC73FD2C4E5292008F403D /* UserDefaultsManager.swift */,
				24EC74A22C520CB7008F403D /* RealmRepository.swift */,
				24EC74B52C526D22008F403D /* ImageFileManager.swift */,
			);
			path = Manager;
			sourceTree = "<group>";
		};
		24EC74062C4E844D008F403D /* Network */ = {
			isa = PBXGroup;
			children = (
				24EC74B72C533E02008F403D /* TargetType.swift */,
				248B84092C578E2F004C9422 /* SearchOption.swift */,
				24EC74072C4E8453008F403D /* NetworkRouter.swift */,
				24EC74112C4E860F008F403D /* NetworkManager.swift */,
			);
			path = Network;
			sourceTree = "<group>";
		};
		24EC74152C4E8908008F403D /* Model */ = {
			isa = PBXGroup;
			children = (
				24EC74162C4E8C0F008F403D /* PhotoResponse.swift */,
				24EC74182C4F374E008F403D /* StatisticsResponse.swift */,
				24EC74A92C520E65008F403D /* LikedPhoto.swift */,
			);
			path = Model;
			sourceTree = "<group>";
		};
		24EC74492C4F9EA4008F403D /* SettingImage */ = {
			isa = PBXGroup;
			children = (
				24EC744A2C4F9EB6008F403D /* SettingImageViewController.swift */,
				24EC74502C4FD0F7008F403D /* SettingImageCollectionViewCell.swift */,
			);
			path = SettingImage;
			sourceTree = "<group>";
		};
		24EC74542C500B3E008F403D /* Topic */ = {
			isa = PBXGroup;
			children = (
				24EC74552C500B4E008F403D /* TopicViewController.swift */,
				24EC74852C51075D008F403D /* TopicCollectionHeaderView.swift */,
				24EC74832C50E003008F403D /* TopicCollectionViewCell.swift */,
			);
			path = Topic;
			sourceTree = "<group>";
		};
		24EC74582C501663008F403D /* Sources */ = {
			isa = PBXGroup;
			children = (
				24EC74152C4E8908008F403D /* Model */,
				24EC74062C4E844D008F403D /* Network */,
				24EC74022C4E5963008F403D /* Manager */,
				24EC74012C4E5945008F403D /* Enum */,
				24EC73E32C4E394A008F403D /* CustomView */,
				24EC73FA2C4E4D57008F403D /* Base */,
				24EC73DA2C4E37B3008F403D /* Scenes */,
			);
			path = Sources;
			sourceTree = "<group>";
		};
		24EC74592C50166C008F403D /* Resources */ = {
			isa = PBXGroup;
			children = (
				24EC740F2C4E847F008F403D /* APIKey.swift */,
				24BB36B32C4E25D700B40E9C /* AppDelegate.swift */,
				24BB36B52C4E25D700B40E9C /* SceneDelegate.swift */,
				24EC73FB2C4E51F9008F403D /* Observable.swift */,
				24BB36BC2C4E25D900B40E9C /* Assets.xcassets */,
				24BB36BE2C4E25D900B40E9C /* LaunchScreen.storyboard */,
				24EC747B2C50866C008F403D /* Design */,
				24EC73DB2C4E37BE008F403D /* Extension */,
			);
			path = Resources;
			sourceTree = "<group>";
		};
		24EC747B2C50866C008F403D /* Design */ = {
			isa = PBXGroup;
			children = (
				24EC745A2C5082CB008F403D /* MyFont.swift */,
				24EC745C2C508337008F403D /* MyColor.swift */,
				24EC745E2C508365008F403D /* MyImage.swift */,
			);
			path = Design;
			sourceTree = "<group>";
		};
		24EC74872C512F22008F403D /* Search */ = {
			isa = PBXGroup;
			children = (
				24EC74882C512F61008F403D /* SearchViewController.swift */,
				24DE0A702C5538460053FCF3 /* ColorCollectionViewCell.swift */,
				24EC74AE2C52512E008F403D /* SearchCollectionViewCell.swift */,
			);
			path = Search;
			sourceTree = "<group>";
		};
		24EC74B02C525243008F403D /* Like */ = {
			isa = PBXGroup;
			children = (
				24EC74B12C52526B008F403D /* LikeViewController.swift */,
				24EC74B32C526AAB008F403D /* LikeCollectionViewCell.swift */,
			);
			path = Like;
			sourceTree = "<group>";
		};
/* End PBXGroup section */

/* Begin PBXNativeTarget section */
		24BB36AF2C4E25D700B40E9C /* ILikePhoto */ = {
			isa = PBXNativeTarget;
			buildConfigurationList = 24BB36C42C4E25D900B40E9C /* Build configuration list for PBXNativeTarget "ILikePhoto" */;
			buildPhases = (
				24BB36AC2C4E25D700B40E9C /* Sources */,
				24BB36AD2C4E25D700B40E9C /* Frameworks */,
				24BB36AE2C4E25D700B40E9C /* Resources */,
				24EC74A82C520DE0008F403D /* Embed Frameworks */,
			);
			buildRules = (
			);
			dependencies = (
			);
			name = ILikePhoto;
			packageProductDependencies = (
				24EC73D12C4E3011008F403D /* Then */,
				24EC73D42C4E301C008F403D /* SnapKit */,
				24EC740A2C4E8463008F403D /* Alamofire */,
				24EC740D2C4E8471008F403D /* Kingfisher */,
				24EC74A52C520DC0008F403D /* RealmSwift */,
				248B84002C568ACD004C9422 /* DGCharts */,
				248B84052C576C84004C9422 /* Toast */,
			);
			productName = ILikePhoto;
			productReference = 24BB36B02C4E25D700B40E9C /* ILikePhoto.app */;
			productType = "com.apple.product-type.application";
		};
/* End PBXNativeTarget section */

/* Begin PBXProject section */
		24BB36A82C4E25D700B40E9C /* Project object */ = {
			isa = PBXProject;
			attributes = {
				BuildIndependentTargetsInParallel = 1;
				LastSwiftUpdateCheck = 1540;
				LastUpgradeCheck = 1540;
				TargetAttributes = {
					24BB36AF2C4E25D700B40E9C = {
						CreatedOnToolsVersion = 15.4;
					};
				};
			};
			buildConfigurationList = 24BB36AB2C4E25D700B40E9C /* Build configuration list for PBXProject "ILikePhoto" */;
			compatibilityVersion = "Xcode 14.0";
			developmentRegion = en;
			hasScannedForEncodings = 0;
			knownRegions = (
				en,
				Base,
			);
			mainGroup = 24BB36A72C4E25D700B40E9C;
			packageReferences = (
				24EC73D02C4E3011008F403D /* XCRemoteSwiftPackageReference "Then" */,
				24EC73D32C4E301C008F403D /* XCRemoteSwiftPackageReference "SnapKit" */,
				24EC74092C4E8463008F403D /* XCRemoteSwiftPackageReference "Alamofire" */,
				24EC740C2C4E8471008F403D /* XCRemoteSwiftPackageReference "Kingfisher" */,
				24EC74A42C520DC0008F403D /* XCRemoteSwiftPackageReference "realm-swift" */,
				248B83FF2C568ACD004C9422 /* XCRemoteSwiftPackageReference "Charts" */,
				248B84042C576C84004C9422 /* XCRemoteSwiftPackageReference "Toast-Swift" */,
			);
			productRefGroup = 24BB36B12C4E25D700B40E9C /* Products */;
			projectDirPath = "";
			projectRoot = "";
			targets = (
				24BB36AF2C4E25D700B40E9C /* ILikePhoto */,
			);
		};
/* End PBXProject section */

/* Begin PBXResourcesBuildPhase section */
		24BB36AE2C4E25D700B40E9C /* Resources */ = {
			isa = PBXResourcesBuildPhase;
			buildActionMask = 2147483647;
			files = (
				24BB36C82C4E261D00B40E9C /* .gitignore in Resources */,
				24BB36BD2C4E25D900B40E9C /* Assets.xcassets in Resources */,
				24BB36C02C4E25D900B40E9C /* Base in Resources */,
			);
			runOnlyForDeploymentPostprocessing = 0;
		};
/* End PBXResourcesBuildPhase section */

/* Begin PBXSourcesBuildPhase section */
		24BB36AC2C4E25D700B40E9C /* Sources */ = {
			isa = PBXSourcesBuildPhase;
			buildActionMask = 2147483647;
			files = (
				24EC74AA2C520E65008F403D /* LikedPhoto.swift in Sources */,
				24EC74122C4E860F008F403D /* NetworkManager.swift in Sources */,
				24EC74512C4FD0F7008F403D /* SettingImageCollectionViewCell.swift in Sources */,
				24EC745F2C508365008F403D /* MyImage.swift in Sources */,
				24EC73FC2C4E51F9008F403D /* Observable.swift in Sources */,
				24BB36B82C4E25D700B40E9C /* OnboardingViewController.swift in Sources */,
				24EC74562C500B4E008F403D /* TopicViewController.swift in Sources */,
				24EC73F52C4E4B1E008F403D /* UICollectionViewLayout+.swift in Sources */,
				24BB36B42C4E25D700B40E9C /* AppDelegate.swift in Sources */,
				24647B742C5361EF00D9D9A4 /* DetailViewController.swift in Sources */,
				24647B782C53635800D9D9A4 /* DetailTableViewCell.swift in Sources */,
				24EC74B22C52526B008F403D /* LikeViewController.swift in Sources */,
				24DE0A6F2C54F62D0053FCF3 /* RandomViewModel.swift in Sources */,
				24EC74862C51075D008F403D /* TopicCollectionHeaderView.swift in Sources */,
				24EC745B2C5082CB008F403D /* MyFont.swift in Sources */,
				24EC74192C4F374E008F403D /* StatisticsResponse.swift in Sources */,
				24647B7A2C53637700D9D9A4 /* BaseTableViewCell.swift in Sources */,
				248B84082C577384004C9422 /* MBTICollectionViewCell.swift in Sources */,
				24EC74892C512F61008F403D /* SearchViewController.swift in Sources */,
				24EC74102C4E847F008F403D /* APIKey.swift in Sources */,
				24EC73F12C4E3E4F008F403D /* CameraImageView.swift in Sources */,
				24EC74532C500AB0008F403D /* TabBarController.swift in Sources */,
				24DE0A712C5538460053FCF3 /* ColorCollectionViewCell.swift in Sources */,
				24EC74842C50E003008F403D /* TopicCollectionViewCell.swift in Sources */,
				24EC74B62C526D22008F403D /* ImageFileManager.swift in Sources */,
				24EC74B82C533E02008F403D /* TargetType.swift in Sources */,
				24EC74082C4E8453008F403D /* NetworkRouter.swift in Sources */,
				24EC73FE2C4E5292008F403D /* UserDefaultsManager.swift in Sources */,
				24EC73E52C4E398D008F403D /* BlueButton.swift in Sources */,
				24EC73EF2C4E3C25008F403D /* ProfileImageView.swift in Sources */,
				24647B7C2C53681B00D9D9A4 /* LikeButton.swift in Sources */,
				24BB36B62C4E25D700B40E9C /* SceneDelegate.swift in Sources */,
				24EC73E82C4E3B43008F403D /* SettingNicknameViewController.swift in Sources */,
				24EC74A32C520CB7008F403D /* RealmRepository.swift in Sources */,
				248B840A2C578E2F004C9422 /* SearchOption.swift in Sources */,
				24EC74172C4E8C0F008F403D /* PhotoResponse.swift in Sources */,
				24DE0A6D2C53D9C10053FCF3 /* RandomCollectionViewCell.swift in Sources */,
				24EC74B42C526AAB008F403D /* LikeCollectionViewCell.swift in Sources */,
				24EC74AF2C52512E008F403D /* SearchCollectionViewCell.swift in Sources */,
				24DE0A6B2C53D7BE0053FCF3 /* RandomViewController.swift in Sources */,
				24EC73ED2C4E3B80008F403D /* SettingNicknameViewModel.swift in Sources */,
				24EC74002C4E593F008F403D /* MBTI.swift in Sources */,
				24EC745D2C508337008F403D /* MyColor.swift in Sources */,
				24EC73F92C4E4BE0008F403D /* BaseCollectionViewCell.swift in Sources */,
				24EC744B2C4F9EB6008F403D /* SettingImageViewController.swift in Sources */,
				24647B762C53620800D9D9A4 /* DetailViewModel.swift in Sources */,
				24EC73E02C4E388B008F403D /* BaseView.swift in Sources */,
				24EC73E22C4E389A008F403D /* BaseViewModel.swift in Sources */,
				24EC73D92C4E3636008F403D /* UIColor+.swift in Sources */,
				24EC73DE2C4E387B008F403D /* BaseViewController.swift in Sources */,
			);
			runOnlyForDeploymentPostprocessing = 0;
		};
/* End PBXSourcesBuildPhase section */

/* Begin PBXVariantGroup section */
		24BB36BE2C4E25D900B40E9C /* LaunchScreen.storyboard */ = {
			isa = PBXVariantGroup;
			children = (
				24BB36BF2C4E25D900B40E9C /* Base */,
			);
			name = LaunchScreen.storyboard;
			sourceTree = "<group>";
		};
/* End PBXVariantGroup section */

/* Begin XCBuildConfiguration section */
		24BB36C22C4E25D900B40E9C /* Debug */ = {
			isa = XCBuildConfiguration;
			buildSettings = {
				ALWAYS_SEARCH_USER_PATHS = NO;
				ASSETCATALOG_COMPILER_GENERATE_SWIFT_ASSET_SYMBOL_EXTENSIONS = YES;
				CLANG_ANALYZER_NONNULL = YES;
				CLANG_ANALYZER_NUMBER_OBJECT_CONVERSION = YES_AGGRESSIVE;
				CLANG_CXX_LANGUAGE_STANDARD = "gnu++20";
				CLANG_ENABLE_MODULES = YES;
				CLANG_ENABLE_OBJC_ARC = YES;
				CLANG_ENABLE_OBJC_WEAK = YES;
				CLANG_WARN_BLOCK_CAPTURE_AUTORELEASING = YES;
				CLANG_WARN_BOOL_CONVERSION = YES;
				CLANG_WARN_COMMA = YES;
				CLANG_WARN_CONSTANT_CONVERSION = YES;
				CLANG_WARN_DEPRECATED_OBJC_IMPLEMENTATIONS = YES;
				CLANG_WARN_DIRECT_OBJC_ISA_USAGE = YES_ERROR;
				CLANG_WARN_DOCUMENTATION_COMMENTS = YES;
				CLANG_WARN_EMPTY_BODY = YES;
				CLANG_WARN_ENUM_CONVERSION = YES;
				CLANG_WARN_INFINITE_RECURSION = YES;
				CLANG_WARN_INT_CONVERSION = YES;
				CLANG_WARN_NON_LITERAL_NULL_CONVERSION = YES;
				CLANG_WARN_OBJC_IMPLICIT_RETAIN_SELF = YES;
				CLANG_WARN_OBJC_LITERAL_CONVERSION = YES;
				CLANG_WARN_OBJC_ROOT_CLASS = YES_ERROR;
				CLANG_WARN_QUOTED_INCLUDE_IN_FRAMEWORK_HEADER = YES;
				CLANG_WARN_RANGE_LOOP_ANALYSIS = YES;
				CLANG_WARN_STRICT_PROTOTYPES = YES;
				CLANG_WARN_SUSPICIOUS_MOVE = YES;
				CLANG_WARN_UNGUARDED_AVAILABILITY = YES_AGGRESSIVE;
				CLANG_WARN_UNREACHABLE_CODE = YES;
				CLANG_WARN__DUPLICATE_METHOD_MATCH = YES;
				COPY_PHASE_STRIP = NO;
				DEBUG_INFORMATION_FORMAT = dwarf;
				ENABLE_STRICT_OBJC_MSGSEND = YES;
				ENABLE_TESTABILITY = YES;
				ENABLE_USER_SCRIPT_SANDBOXING = YES;
				GCC_C_LANGUAGE_STANDARD = gnu17;
				GCC_DYNAMIC_NO_PIC = NO;
				GCC_NO_COMMON_BLOCKS = YES;
				GCC_OPTIMIZATION_LEVEL = 0;
				GCC_PREPROCESSOR_DEFINITIONS = (
					"DEBUG=1",
					"$(inherited)",
				);
				GCC_WARN_64_TO_32_BIT_CONVERSION = YES;
				GCC_WARN_ABOUT_RETURN_TYPE = YES_ERROR;
				GCC_WARN_UNDECLARED_SELECTOR = YES;
				GCC_WARN_UNINITIALIZED_AUTOS = YES_AGGRESSIVE;
				GCC_WARN_UNUSED_FUNCTION = YES;
				GCC_WARN_UNUSED_VARIABLE = YES;
				IPHONEOS_DEPLOYMENT_TARGET = 17.5;
				LOCALIZATION_PREFERS_STRING_CATALOGS = YES;
				MTL_ENABLE_DEBUG_INFO = INCLUDE_SOURCE;
				MTL_FAST_MATH = YES;
				ONLY_ACTIVE_ARCH = YES;
				SDKROOT = iphoneos;
				SWIFT_ACTIVE_COMPILATION_CONDITIONS = "DEBUG $(inherited)";
				SWIFT_OPTIMIZATION_LEVEL = "-Onone";
			};
			name = Debug;
		};
		24BB36C32C4E25D900B40E9C /* Release */ = {
			isa = XCBuildConfiguration;
			buildSettings = {
				ALWAYS_SEARCH_USER_PATHS = NO;
				ASSETCATALOG_COMPILER_GENERATE_SWIFT_ASSET_SYMBOL_EXTENSIONS = YES;
				CLANG_ANALYZER_NONNULL = YES;
				CLANG_ANALYZER_NUMBER_OBJECT_CONVERSION = YES_AGGRESSIVE;
				CLANG_CXX_LANGUAGE_STANDARD = "gnu++20";
				CLANG_ENABLE_MODULES = YES;
				CLANG_ENABLE_OBJC_ARC = YES;
				CLANG_ENABLE_OBJC_WEAK = YES;
				CLANG_WARN_BLOCK_CAPTURE_AUTORELEASING = YES;
				CLANG_WARN_BOOL_CONVERSION = YES;
				CLANG_WARN_COMMA = YES;
				CLANG_WARN_CONSTANT_CONVERSION = YES;
				CLANG_WARN_DEPRECATED_OBJC_IMPLEMENTATIONS = YES;
				CLANG_WARN_DIRECT_OBJC_ISA_USAGE = YES_ERROR;
				CLANG_WARN_DOCUMENTATION_COMMENTS = YES;
				CLANG_WARN_EMPTY_BODY = YES;
				CLANG_WARN_ENUM_CONVERSION = YES;
				CLANG_WARN_INFINITE_RECURSION = YES;
				CLANG_WARN_INT_CONVERSION = YES;
				CLANG_WARN_NON_LITERAL_NULL_CONVERSION = YES;
				CLANG_WARN_OBJC_IMPLICIT_RETAIN_SELF = YES;
				CLANG_WARN_OBJC_LITERAL_CONVERSION = YES;
				CLANG_WARN_OBJC_ROOT_CLASS = YES_ERROR;
				CLANG_WARN_QUOTED_INCLUDE_IN_FRAMEWORK_HEADER = YES;
				CLANG_WARN_RANGE_LOOP_ANALYSIS = YES;
				CLANG_WARN_STRICT_PROTOTYPES = YES;
				CLANG_WARN_SUSPICIOUS_MOVE = YES;
				CLANG_WARN_UNGUARDED_AVAILABILITY = YES_AGGRESSIVE;
				CLANG_WARN_UNREACHABLE_CODE = YES;
				CLANG_WARN__DUPLICATE_METHOD_MATCH = YES;
				COPY_PHASE_STRIP = NO;
				DEBUG_INFORMATION_FORMAT = "dwarf-with-dsym";
				ENABLE_NS_ASSERTIONS = NO;
				ENABLE_STRICT_OBJC_MSGSEND = YES;
				ENABLE_USER_SCRIPT_SANDBOXING = YES;
				GCC_C_LANGUAGE_STANDARD = gnu17;
				GCC_NO_COMMON_BLOCKS = YES;
				GCC_WARN_64_TO_32_BIT_CONVERSION = YES;
				GCC_WARN_ABOUT_RETURN_TYPE = YES_ERROR;
				GCC_WARN_UNDECLARED_SELECTOR = YES;
				GCC_WARN_UNINITIALIZED_AUTOS = YES_AGGRESSIVE;
				GCC_WARN_UNUSED_FUNCTION = YES;
				GCC_WARN_UNUSED_VARIABLE = YES;
				IPHONEOS_DEPLOYMENT_TARGET = 17.5;
				LOCALIZATION_PREFERS_STRING_CATALOGS = YES;
				MTL_ENABLE_DEBUG_INFO = NO;
				MTL_FAST_MATH = YES;
				SDKROOT = iphoneos;
				SWIFT_COMPILATION_MODE = wholemodule;
				VALIDATE_PRODUCT = YES;
			};
			name = Release;
		};
		24BB36C52C4E25D900B40E9C /* Debug */ = {
			isa = XCBuildConfiguration;
			buildSettings = {
				ASSETCATALOG_COMPILER_APPICON_NAME = AppIcon;
				ASSETCATALOG_COMPILER_GENERATE_ASSET_SYMBOLS = YES;
				ASSETCATALOG_COMPILER_GLOBAL_ACCENT_COLOR_NAME = AccentColor;
				CODE_SIGN_STYLE = Automatic;
				CURRENT_PROJECT_VERSION = 1;
				DEVELOPMENT_TEAM = Z6H2JVV9PA;
				GENERATE_INFOPLIST_FILE = YES;
				INFOPLIST_FILE = ILikePhoto/Info.plist;
				INFOPLIST_KEY_UIApplicationSupportsIndirectInputEvents = YES;
				INFOPLIST_KEY_UILaunchStoryboardName = LaunchScreen;
				INFOPLIST_KEY_UISupportedInterfaceOrientations = UIInterfaceOrientationPortrait;
				INFOPLIST_KEY_UISupportedInterfaceOrientations_iPad = UIInterfaceOrientationPortrait;
				IPHONEOS_DEPLOYMENT_TARGET = 15.0;
				LD_RUNPATH_SEARCH_PATHS = (
					"$(inherited)",
					"@executable_path/Frameworks",
				);
				MARKETING_VERSION = 1.0;
				PRODUCT_BUNDLE_IDENTIFIER = com.ksm.ILikePhoto;
				PRODUCT_NAME = "$(TARGET_NAME)";
				SUPPORTED_PLATFORMS = "iphoneos iphonesimulator";
				SUPPORTS_MACCATALYST = NO;
				SUPPORTS_MAC_DESIGNED_FOR_IPHONE_IPAD = NO;
				SUPPORTS_XR_DESIGNED_FOR_IPHONE_IPAD = NO;
				SWIFT_EMIT_LOC_STRINGS = YES;
				SWIFT_VERSION = 5.0;
				TARGETED_DEVICE_FAMILY = 1;
			};
			name = Debug;
		};
		24BB36C62C4E25D900B40E9C /* Release */ = {
			isa = XCBuildConfiguration;
			buildSettings = {
				ASSETCATALOG_COMPILER_APPICON_NAME = AppIcon;
				ASSETCATALOG_COMPILER_GENERATE_ASSET_SYMBOLS = YES;
				ASSETCATALOG_COMPILER_GLOBAL_ACCENT_COLOR_NAME = AccentColor;
				CODE_SIGN_STYLE = Automatic;
				CURRENT_PROJECT_VERSION = 1;
				DEVELOPMENT_TEAM = Z6H2JVV9PA;
				GENERATE_INFOPLIST_FILE = YES;
				INFOPLIST_FILE = ILikePhoto/Info.plist;
				INFOPLIST_KEY_UIApplicationSupportsIndirectInputEvents = YES;
				INFOPLIST_KEY_UILaunchStoryboardName = LaunchScreen;
				INFOPLIST_KEY_UISupportedInterfaceOrientations = UIInterfaceOrientationPortrait;
				INFOPLIST_KEY_UISupportedInterfaceOrientations_iPad = UIInterfaceOrientationPortrait;
				IPHONEOS_DEPLOYMENT_TARGET = 15.0;
				LD_RUNPATH_SEARCH_PATHS = (
					"$(inherited)",
					"@executable_path/Frameworks",
				);
				MARKETING_VERSION = 1.0;
				PRODUCT_BUNDLE_IDENTIFIER = com.ksm.ILikePhoto;
				PRODUCT_NAME = "$(TARGET_NAME)";
				SUPPORTED_PLATFORMS = "iphoneos iphonesimulator";
				SUPPORTS_MACCATALYST = NO;
				SUPPORTS_MAC_DESIGNED_FOR_IPHONE_IPAD = NO;
				SUPPORTS_XR_DESIGNED_FOR_IPHONE_IPAD = NO;
				SWIFT_EMIT_LOC_STRINGS = YES;
				SWIFT_VERSION = 5.0;
				TARGETED_DEVICE_FAMILY = 1;
			};
			name = Release;
		};
/* End XCBuildConfiguration section */

/* Begin XCConfigurationList section */
		24BB36AB2C4E25D700B40E9C /* Build configuration list for PBXProject "ILikePhoto" */ = {
			isa = XCConfigurationList;
			buildConfigurations = (
				24BB36C22C4E25D900B40E9C /* Debug */,
				24BB36C32C4E25D900B40E9C /* Release */,
			);
			defaultConfigurationIsVisible = 0;
			defaultConfigurationName = Release;
		};
		24BB36C42C4E25D900B40E9C /* Build configuration list for PBXNativeTarget "ILikePhoto" */ = {
			isa = XCConfigurationList;
			buildConfigurations = (
				24BB36C52C4E25D900B40E9C /* Debug */,
				24BB36C62C4E25D900B40E9C /* Release */,
			);
			defaultConfigurationIsVisible = 0;
			defaultConfigurationName = Release;
		};
/* End XCConfigurationList section */

/* Begin XCRemoteSwiftPackageReference section */
		248B83FF2C568ACD004C9422 /* XCRemoteSwiftPackageReference "Charts" */ = {
			isa = XCRemoteSwiftPackageReference;
			repositoryURL = "https://github.com/ChartsOrg/Charts.git";
			requirement = {
				kind = upToNextMajorVersion;
				minimumVersion = 5.1.0;
			};
		};
		248B84042C576C84004C9422 /* XCRemoteSwiftPackageReference "Toast-Swift" */ = {
			isa = XCRemoteSwiftPackageReference;
			repositoryURL = "https://github.com/scalessec/Toast-Swift";
			requirement = {
				kind = upToNextMajorVersion;
				minimumVersion = 5.1.1;
			};
		};
		24EC73D02C4E3011008F403D /* XCRemoteSwiftPackageReference "Then" */ = {
			isa = XCRemoteSwiftPackageReference;
			repositoryURL = "https://github.com/devxoul/Then.git";
			requirement = {
				kind = upToNextMajorVersion;
				minimumVersion = 3.0.0;
			};
		};
		24EC73D32C4E301C008F403D /* XCRemoteSwiftPackageReference "SnapKit" */ = {
			isa = XCRemoteSwiftPackageReference;
			repositoryURL = "https://github.com/SnapKit/SnapKit";
			requirement = {
				kind = upToNextMajorVersion;
				minimumVersion = 5.7.1;
			};
		};
		24EC74092C4E8463008F403D /* XCRemoteSwiftPackageReference "Alamofire" */ = {
			isa = XCRemoteSwiftPackageReference;
			repositoryURL = "https://github.com/Alamofire/Alamofire.git";
			requirement = {
				kind = upToNextMajorVersion;
				minimumVersion = 5.9.1;
			};
		};
		24EC740C2C4E8471008F403D /* XCRemoteSwiftPackageReference "Kingfisher" */ = {
			isa = XCRemoteSwiftPackageReference;
			repositoryURL = "https://github.com/onevcat/Kingfisher";
			requirement = {
				kind = upToNextMajorVersion;
				minimumVersion = 7.12.0;
			};
		};
		24EC74A42C520DC0008F403D /* XCRemoteSwiftPackageReference "realm-swift" */ = {
			isa = XCRemoteSwiftPackageReference;
			repositoryURL = "https://github.com/realm/realm-swift.git";
			requirement = {
				kind = exactVersion;
				version = 10.52.2;
			};
		};
/* End XCRemoteSwiftPackageReference section */

/* Begin XCSwiftPackageProductDependency section */
		248B84002C568ACD004C9422 /* DGCharts */ = {
			isa = XCSwiftPackageProductDependency;
			package = 248B83FF2C568ACD004C9422 /* XCRemoteSwiftPackageReference "Charts" */;
			productName = DGCharts;
		};
		248B84052C576C84004C9422 /* Toast */ = {
			isa = XCSwiftPackageProductDependency;
			package = 248B84042C576C84004C9422 /* XCRemoteSwiftPackageReference "Toast-Swift" */;
			productName = Toast;
		};
		24EC73D12C4E3011008F403D /* Then */ = {
			isa = XCSwiftPackageProductDependency;
			package = 24EC73D02C4E3011008F403D /* XCRemoteSwiftPackageReference "Then" */;
			productName = Then;
		};
		24EC73D42C4E301C008F403D /* SnapKit */ = {
			isa = XCSwiftPackageProductDependency;
			package = 24EC73D32C4E301C008F403D /* XCRemoteSwiftPackageReference "SnapKit" */;
			productName = SnapKit;
		};
		24EC740A2C4E8463008F403D /* Alamofire */ = {
			isa = XCSwiftPackageProductDependency;
			package = 24EC74092C4E8463008F403D /* XCRemoteSwiftPackageReference "Alamofire" */;
			productName = Alamofire;
		};
		24EC740D2C4E8471008F403D /* Kingfisher */ = {
			isa = XCSwiftPackageProductDependency;
			package = 24EC740C2C4E8471008F403D /* XCRemoteSwiftPackageReference "Kingfisher" */;
			productName = Kingfisher;
		};
		24EC74A52C520DC0008F403D /* RealmSwift */ = {
			isa = XCSwiftPackageProductDependency;
			package = 24EC74A42C520DC0008F403D /* XCRemoteSwiftPackageReference "realm-swift" */;
			productName = RealmSwift;
		};
/* End XCSwiftPackageProductDependency section */
	};
	rootObject = 24BB36A82C4E25D700B40E9C /* Project object */;
}
